
Microsoft Visual Studio Solution File, Format Version 12.00
# Visual Studio 2013
VisualStudioVersion = 12.0.31101.0
MinimumVisualStudioVersion = 10.0.40219.1
Project("{2150E333-8FDC-42A3-9474-1A3956D46DE8}") = "ECommerce", "ECommerce", "{A176DF83-9923-4214-92E4-5C137FB45B78}"
EndProject
Project("{2150E333-8FDC-42A3-9474-1A3956D46DE8}") = "Crm", "Crm", "{325BD6DF-100D-4E80-9789-BD7734158227}"
EndProject
Project("{FAE04EC0-301F-11D3-BF4B-00C04F79EFBC}") = "NWheels.Domains.ECommerce", "NWheels.Domains.ECommerce\NWheels.Domains.ECommerce.csproj", "{F1A5FED6-EBFD-4251-95BB-9AAEB13FD07D}"
EndProject
Project("{FAE04EC0-301F-11D3-BF4B-00C04F79EFBC}") = "NWheels.Domains.ECommerce.Tests", "NWheels.Domains.ECommerce.Tests\NWheels.Domains.ECommerce.Tests.csproj", "{652468F2-0E97-4D0B-AED5-798C6A99DB0D}"
EndProject
Project("{2150E333-8FDC-42A3-9474-1A3956D46DE8}") = "NWheels.sln", "NWheels.sln", "{F938221D-36B9-4B80-A9DA-785AB6725F89}"
EndProject
Project("{FAE04EC0-301F-11D3-BF4B-00C04F79EFBC}") = "NWheels", "..\..\NWheels\Source\NWheels\NWheels.csproj", "{F0ECF554-BF54-4843-B62F-C67C4DEB2764}"
EndProject
Project("{FAE04EC0-301F-11D3-BF4B-00C04F79EFBC}") = "NWheels.Testing", "..\..\NWheels\Source\NWheels.Testing\NWheels.Testing.csproj", "{CD358C0A-E2B8-43E1-8F3E-618E56EFFE0F}"
EndProject
Project("{FAE04EC0-301F-11D3-BF4B-00C04F79EFBC}") = "NWheels.Stacks.Nlog", "..\..\NWheels\Source\NWheels.Stacks.Nlog\NWheels.Stacks.Nlog.csproj", "{8EC79D0A-B99D-4ED1-9494-7756F29916C7}"
EndProject
Project("{FAE04EC0-301F-11D3-BF4B-00C04F79EFBC}") = "NWheels.Stacks.EntityFramework", "..\..\NWheels\Source\NWheels.Stacks.EntityFramework\NWheels.Stacks.EntityFramework.csproj", "{FA1FD78F-2906-477E-AD2F-55BB8AE19A75}"
EndProject
Project("{FAE04EC0-301F-11D3-BF4B-00C04F79EFBC}") = "NWheels.UnitTests", "..\..\NWheels\Source\NWheels.UnitTests\NWheels.UnitTests.csproj", "{F7A81508-54D8-4301-8B39-0CA7ACFB431B}"
EndProject
Project("{FAE04EC0-301F-11D3-BF4B-00C04F79EFBC}") = "NWheels.Tools.TestBoard", "..\..\NWheels\Source\NWheels.Tools.TestBoard\NWheels.Tools.TestBoard.csproj", "{DE79E762-2173-4232-BB9A-A8437B1AA013}"
EndProject
Project("{FAE04EC0-301F-11D3-BF4B-00C04F79EFBC}") = "NWheels.Testing.UnitTests", "..\..\NWheels\Source\NWheels.Testing.UnitTests\NWheels.Testing.UnitTests.csproj", "{0F9F8BC8-A11A-425F-BA75-C496CD533E8D}"
EndProject
Project("{FAE04EC0-301F-11D3-BF4B-00C04F79EFBC}") = "NWheels.Stacks.MongoDb", "..\..\NWheels\Source\NWheels.Stacks.MongoDb\NWheels.Stacks.MongoDb.csproj", "{4209CD2A-DA3D-4806-939F-9454FCD475D3}"
EndProject
Project("{FAE04EC0-301F-11D3-BF4B-00C04F79EFBC}") = "NWheels.Domains.Security", "..\..\NWheels\Source\NWheels.Domains.Security\NWheels.Domains.Security.csproj", "{76A8A84A-ED77-42D3-94FE-22C5B8634F98}"
EndProject
Project("{FAE04EC0-301F-11D3-BF4B-00C04F79EFBC}") = "NWheels.Stacks.NancyFx", "..\..\NWheels\Source\NWheels.Stacks.NancyFx\NWheels.Stacks.NancyFx.csproj", "{36F48C78-669C-4D75-ACCD-F98D89E66C88}"
EndProject
Project("{FAE04EC0-301F-11D3-BF4B-00C04F79EFBC}") = "NWheels.Stacks.ODataBreeze", "..\..\NWheels\Source\NWheels.Stacks.ODataBreeze\NWheels.Stacks.ODataBreeze.csproj", "{A2F8A357-5A25-49F0-A592-F60684C371A7}"
EndProject
Project("{FAE04EC0-301F-11D3-BF4B-00C04F79EFBC}") = "NWheels.Stacks.ODataBreeze.SystemTests", "..\..\NWheels\Source\NWheels.Stacks.ODataBreeze.SystemTests\NWheels.Stacks.ODataBreeze.SystemTests.csproj", "{737E550E-9E69-4226-9154-AC54FFD375C4}"
EndProject
Project("{FAE04EC0-301F-11D3-BF4B-00C04F79EFBC}") = "NWheels.Stacks.AspNet", "..\..\NWheels\Source\NWheels.Stacks.AspNet\NWheels.Stacks.AspNet.csproj", "{8AD9F50A-FFA0-4CAE-8737-1777C9E5CEE2}"
EndProject
Project("{FAE04EC0-301F-11D3-BF4B-00C04F79EFBC}") = "NWheels.Stacks.MongoDb.Tests", "..\..\NWheels\Source\NWheels.Stacks.MongoDb.Tests\NWheels.Stacks.MongoDb.Tests.csproj", "{B4BF637D-E80B-46D8-B4E2-82352866FCD6}"
EndProject
Project("{FAE04EC0-301F-11D3-BF4B-00C04F79EFBC}") = "NWheels.Stacks.EntityFramework.Tests", "..\..\NWheels\Source\NWheels.Stacks.EntityFramework.Tests\NWheels.Stacks.EntityFramework.Tests.csproj", "{CE8B64BC-8E6B-4DF7-8DE7-48EB436007CA}"
EndProject
Global
	GlobalSection(SolutionConfigurationPlatforms) = preSolution
		Debug|Any CPU = Debug|Any CPU
		Release|Any CPU = Release|Any CPU
	EndGlobalSection
	GlobalSection(ProjectConfigurationPlatforms) = postSolution
		{F1A5FED6-EBFD-4251-95BB-9AAEB13FD07D}.Debug|Any CPU.ActiveCfg = Debug|Any CPU
		{F1A5FED6-EBFD-4251-95BB-9AAEB13FD07D}.Debug|Any CPU.Build.0 = Debug|Any CPU
		{F1A5FED6-EBFD-4251-95BB-9AAEB13FD07D}.Release|Any CPU.ActiveCfg = Release|Any CPU
		{F1A5FED6-EBFD-4251-95BB-9AAEB13FD07D}.Release|Any CPU.Build.0 = Release|Any CPU
		{652468F2-0E97-4D0B-AED5-798C6A99DB0D}.Debug|Any CPU.ActiveCfg = Debug|Any CPU
		{652468F2-0E97-4D0B-AED5-798C6A99DB0D}.Debug|Any CPU.Build.0 = Debug|Any CPU
		{652468F2-0E97-4D0B-AED5-798C6A99DB0D}.Release|Any CPU.ActiveCfg = Release|Any CPU
		{652468F2-0E97-4D0B-AED5-798C6A99DB0D}.Release|Any CPU.Build.0 = Release|Any CPU
		{F0ECF554-BF54-4843-B62F-C67C4DEB2764}.Debug|Any CPU.ActiveCfg = Debug|Any CPU
		{F0ECF554-BF54-4843-B62F-C67C4DEB2764}.Debug|Any CPU.Build.0 = Debug|Any CPU
		{F0ECF554-BF54-4843-B62F-C67C4DEB2764}.Release|Any CPU.ActiveCfg = Release|Any CPU
		{F0ECF554-BF54-4843-B62F-C67C4DEB2764}.Release|Any CPU.Build.0 = Release|Any CPU
		{CD358C0A-E2B8-43E1-8F3E-618E56EFFE0F}.Debug|Any CPU.ActiveCfg = Debug|Any CPU
		{CD358C0A-E2B8-43E1-8F3E-618E56EFFE0F}.Debug|Any CPU.Build.0 = Debug|Any CPU
		{CD358C0A-E2B8-43E1-8F3E-618E56EFFE0F}.Release|Any CPU.ActiveCfg = Release|Any CPU
		{CD358C0A-E2B8-43E1-8F3E-618E56EFFE0F}.Release|Any CPU.Build.0 = Release|Any CPU
		{8EC79D0A-B99D-4ED1-9494-7756F29916C7}.Debug|Any CPU.ActiveCfg = Debug|Any CPU
		{8EC79D0A-B99D-4ED1-9494-7756F29916C7}.Debug|Any CPU.Build.0 = Debug|Any CPU
		{8EC79D0A-B99D-4ED1-9494-7756F29916C7}.Release|Any CPU.ActiveCfg = Release|Any CPU
		{8EC79D0A-B99D-4ED1-9494-7756F29916C7}.Release|Any CPU.Build.0 = Release|Any CPU
		{FA1FD78F-2906-477E-AD2F-55BB8AE19A75}.Debug|Any CPU.ActiveCfg = Debug|Any CPU
		{FA1FD78F-2906-477E-AD2F-55BB8AE19A75}.Debug|Any CPU.Build.0 = Debug|Any CPU
		{FA1FD78F-2906-477E-AD2F-55BB8AE19A75}.Release|Any CPU.ActiveCfg = Release|Any CPU
		{FA1FD78F-2906-477E-AD2F-55BB8AE19A75}.Release|Any CPU.Build.0 = Release|Any CPU
		{F7A81508-54D8-4301-8B39-0CA7ACFB431B}.Debug|Any CPU.ActiveCfg = Debug|Any CPU
		{F7A81508-54D8-4301-8B39-0CA7ACFB431B}.Debug|Any CPU.Build.0 = Debug|Any CPU
		{F7A81508-54D8-4301-8B39-0CA7ACFB431B}.Release|Any CPU.ActiveCfg = Release|Any CPU
		{F7A81508-54D8-4301-8B39-0CA7ACFB431B}.Release|Any CPU.Build.0 = Release|Any CPU
		{DE79E762-2173-4232-BB9A-A8437B1AA013}.Debug|Any CPU.ActiveCfg = Debug|Any CPU
		{DE79E762-2173-4232-BB9A-A8437B1AA013}.Debug|Any CPU.Build.0 = Debug|Any CPU
		{DE79E762-2173-4232-BB9A-A8437B1AA013}.Release|Any CPU.ActiveCfg = Release|Any CPU
		{DE79E762-2173-4232-BB9A-A8437B1AA013}.Release|Any CPU.Build.0 = Release|Any CPU
		{0F9F8BC8-A11A-425F-BA75-C496CD533E8D}.Debug|Any CPU.ActiveCfg = Debug|Any CPU
		{0F9F8BC8-A11A-425F-BA75-C496CD533E8D}.Debug|Any CPU.Build.0 = Debug|Any CPU
		{0F9F8BC8-A11A-425F-BA75-C496CD533E8D}.Release|Any CPU.ActiveCfg = Release|Any CPU
		{0F9F8BC8-A11A-425F-BA75-C496CD533E8D}.Release|Any CPU.Build.0 = Release|Any CPU
		{4209CD2A-DA3D-4806-939F-9454FCD475D3}.Debug|Any CPU.ActiveCfg = Debug|Any CPU
		{4209CD2A-DA3D-4806-939F-9454FCD475D3}.Debug|Any CPU.Build.0 = Debug|Any CPU
		{4209CD2A-DA3D-4806-939F-9454FCD475D3}.Release|Any CPU.ActiveCfg = Release|Any CPU
		{4209CD2A-DA3D-4806-939F-9454FCD475D3}.Release|Any CPU.Build.0 = Release|Any CPU
		{76A8A84A-ED77-42D3-94FE-22C5B8634F98}.Debug|Any CPU.ActiveCfg = Debug|Any CPU
		{76A8A84A-ED77-42D3-94FE-22C5B8634F98}.Debug|Any CPU.Build.0 = Debug|Any CPU
		{76A8A84A-ED77-42D3-94FE-22C5B8634F98}.Release|Any CPU.ActiveCfg = Release|Any CPU
		{76A8A84A-ED77-42D3-94FE-22C5B8634F98}.Release|Any CPU.Build.0 = Release|Any CPU
		{36F48C78-669C-4D75-ACCD-F98D89E66C88}.Debug|Any CPU.ActiveCfg = Debug|Any CPU
		{36F48C78-669C-4D75-ACCD-F98D89E66C88}.Debug|Any CPU.Build.0 = Debug|Any CPU
		{36F48C78-669C-4D75-ACCD-F98D89E66C88}.Release|Any CPU.ActiveCfg = Release|Any CPU
		{36F48C78-669C-4D75-ACCD-F98D89E66C88}.Release|Any CPU.Build.0 = Release|Any CPU
		{A2F8A357-5A25-49F0-A592-F60684C371A7}.Debug|Any CPU.ActiveCfg = Debug|Any CPU
		{A2F8A357-5A25-49F0-A592-F60684C371A7}.Debug|Any CPU.Build.0 = Debug|Any CPU
		{A2F8A357-5A25-49F0-A592-F60684C371A7}.Release|Any CPU.ActiveCfg = Release|Any CPU
		{A2F8A357-5A25-49F0-A592-F60684C371A7}.Release|Any CPU.Build.0 = Release|Any CPU
		{737E550E-9E69-4226-9154-AC54FFD375C4}.Debug|Any CPU.ActiveCfg = Debug|Any CPU
		{737E550E-9E69-4226-9154-AC54FFD375C4}.Debug|Any CPU.Build.0 = Debug|Any CPU
		{737E550E-9E69-4226-9154-AC54FFD375C4}.Release|Any CPU.ActiveCfg = Release|Any CPU
		{737E550E-9E69-4226-9154-AC54FFD375C4}.Release|Any CPU.Build.0 = Release|Any CPU
		{8AD9F50A-FFA0-4CAE-8737-1777C9E5CEE2}.Debug|Any CPU.ActiveCfg = Debug|Any CPU
		{8AD9F50A-FFA0-4CAE-8737-1777C9E5CEE2}.Debug|Any CPU.Build.0 = Debug|Any CPU
		{8AD9F50A-FFA0-4CAE-8737-1777C9E5CEE2}.Release|Any CPU.ActiveCfg = Release|Any CPU
		{8AD9F50A-FFA0-4CAE-8737-1777C9E5CEE2}.Release|Any CPU.Build.0 = Release|Any CPU
		{B4BF637D-E80B-46D8-B4E2-82352866FCD6}.Debug|Any CPU.ActiveCfg = Debug|Any CPU
		{B4BF637D-E80B-46D8-B4E2-82352866FCD6}.Debug|Any CPU.Build.0 = Debug|Any CPU
		{B4BF637D-E80B-46D8-B4E2-82352866FCD6}.Release|Any CPU.ActiveCfg = Release|Any CPU
		{B4BF637D-E80B-46D8-B4E2-82352866FCD6}.Release|Any CPU.Build.0 = Release|Any CPU
		{CE8B64BC-8E6B-4DF7-8DE7-48EB436007CA}.Debug|Any CPU.ActiveCfg = Debug|Any CPU
		{CE8B64BC-8E6B-4DF7-8DE7-48EB436007CA}.Debug|Any CPU.Build.0 = Debug|Any CPU
		{CE8B64BC-8E6B-4DF7-8DE7-48EB436007CA}.Release|Any CPU.ActiveCfg = Release|Any CPU
		{CE8B64BC-8E6B-4DF7-8DE7-48EB436007CA}.Release|Any CPU.Build.0 = Release|Any CPU
	EndGlobalSection
	GlobalSection(SolutionProperties) = preSolution
		HideSolutionNode = FALSE
	EndGlobalSection
	GlobalSection(NestedProjects) = preSolution
		{F1A5FED6-EBFD-4251-95BB-9AAEB13FD07D} = {A176DF83-9923-4214-92E4-5C137FB45B78}
		{652468F2-0E97-4D0B-AED5-798C6A99DB0D} = {A176DF83-9923-4214-92E4-5C137FB45B78}
		{F0ECF554-BF54-4843-B62F-C67C4DEB2764} = {F938221D-36B9-4B80-A9DA-785AB6725F89}
		{CD358C0A-E2B8-43E1-8F3E-618E56EFFE0F} = {F938221D-36B9-4B80-A9DA-785AB6725F89}
		{8EC79D0A-B99D-4ED1-9494-7756F29916C7} = {F938221D-36B9-4B80-A9DA-785AB6725F89}
		{FA1FD78F-2906-477E-AD2F-55BB8AE19A75} = {F938221D-36B9-4B80-A9DA-785AB6725F89}
		{F7A81508-54D8-4301-8B39-0CA7ACFB431B} = {F938221D-36B9-4B80-A9DA-785AB6725F89}
		{DE79E762-2173-4232-BB9A-A8437B1AA013} = {F938221D-36B9-4B80-A9DA-785AB6725F89}
		{0F9F8BC8-A11A-425F-BA75-C496CD533E8D} = {F938221D-36B9-4B80-A9DA-785AB6725F89}
		{4209CD2A-DA3D-4806-939F-9454FCD475D3} = {F938221D-36B9-4B80-A9DA-785AB6725F89}
		{76A8A84A-ED77-42D3-94FE-22C5B8634F98} = {F938221D-36B9-4B80-A9DA-785AB6725F89}
		{36F48C78-669C-4D75-ACCD-F98D89E66C88} = {F938221D-36B9-4B80-A9DA-785AB6725F89}
		{A2F8A357-5A25-49F0-A592-F60684C371A7} = {F938221D-36B9-4B80-A9DA-785AB6725F89}
		{737E550E-9E69-4226-9154-AC54FFD375C4} = {F938221D-36B9-4B80-A9DA-785AB6725F89}
		{8AD9F50A-FFA0-4CAE-8737-1777C9E5CEE2} = {F938221D-36B9-4B80-A9DA-785AB6725F89}
		{B4BF637D-E80B-46D8-B4E2-82352866FCD6} = {F938221D-36B9-4B80-A9DA-785AB6725F89}
		{CE8B64BC-8E6B-4DF7-8DE7-48EB436007CA} = {F938221D-36B9-4B80-A9DA-785AB6725F89}
	EndGlobalSection
EndGlobal
